
Microsoft Visual Studio Solution File, Format Version 12.00
# Visual Studio Version 17
VisualStudioVersion = 17.11.35312.102
MinimumVisualStudioVersion = 10.0.40219.1
Project("{FAE04EC0-301F-11D3-BF4B-00C04F79EFBC}") = "ToyShop", "ToyShop.csproj", "{E37BB7F2-1471-4998-B03D-7844981CF4FE}"
EndProject
Global
	GlobalSection(SolutionConfigurationPlatforms) = preSolution
		Debug|Any CPU = Debug|Any CPU
		Release|Any CPU = Release|Any CPU
	EndGlobalSection
	GlobalSection(ProjectConfigurationPlatforms) = postSolution
		{E37BB7F2-1471-4998-B03D-7844981CF4FE}.Debug|Any CPU.ActiveCfg = Debug|Any CPU
		{E37BB7F2-1471-4998-B03D-7844981CF4FE}.Debug|Any CPU.Build.0 = Debug|Any CPU
		{E37BB7F2-1471-4998-B03D-7844981CF4FE}.Release|Any CPU.ActiveCfg = Release|Any CPU
		{E37BB7F2-1471-4998-B03D-7844981CF4FE}.Release|Any CPU.Build.0 = Release|Any CPU
	EndGlobalSection
	GlobalSection(SolutionProperties) = preSolution
		HideSolutionNode = FALSE
	EndGlobalSection
	GlobalSection(ExtensibilityGlobals) = postSolution
		SolutionGuid = {D5093854-78D2-40A8-83F4-CA3FF9AF42C5}
	EndGlobalSection
EndGlobal
